// !$*UTF8*$!
{
	archiveVersion = 1;
	classes = {
	};
	objectVersion = 77;
	objects = {

/* Begin PBXContainerItemProxy section */
		FA8F60BF2CDE122F00803EF8 /* PBXContainerItemProxy */ = {
			isa = PBXContainerItemProxy;
			containerPortal = FA8F60A62CDE122D00803EF8 /* Project object */;
			proxyType = 1;
			remoteGlobalIDString = FA8F60AD2CDE122D00803EF8;
			remoteInfo = GitActions;
		};
		FA8F60C92CDE122F00803EF8 /* PBXContainerItemProxy */ = {
			isa = PBXContainerItemProxy;
			containerPortal = FA8F60A62CDE122D00803EF8 /* Project object */;
			proxyType = 1;
			remoteGlobalIDString = FA8F60AD2CDE122D00803EF8;
			remoteInfo = GitActions;
		};
/* End PBXContainerItemProxy section */

/* Begin PBXFileReference section */
		FA8F60AE2CDE122D00803EF8 /* GitActions.app */ = {isa = PBXFileReference; explicitFileType = wrapper.application; includeInIndex = 0; path = GitActions.app; sourceTree = BUILT_PRODUCTS_DIR; };
		FA8F60BE2CDE122F00803EF8 /* GitActionsTests.xctest */ = {isa = PBXFileReference; explicitFileType = wrapper.cfbundle; includeInIndex = 0; path = GitActionsTests.xctest; sourceTree = BUILT_PRODUCTS_DIR; };
		FA8F60C82CDE122F00803EF8 /* GitActionsUITests.xctest */ = {isa = PBXFileReference; explicitFileType = wrapper.cfbundle; includeInIndex = 0; path = GitActionsUITests.xctest; sourceTree = BUILT_PRODUCTS_DIR; };
/* End PBXFileReference section */

/* Begin PBXFileSystemSynchronizedRootGroup section */
		FA8F60B02CDE122D00803EF8 /* GitActions */ = {
			isa = PBXFileSystemSynchronizedRootGroup;
			path = GitActions;
			sourceTree = "<group>";
		};
		FA8F60C12CDE122F00803EF8 /* GitActionsTests */ = {
			isa = PBXFileSystemSynchronizedRootGroup;
			path = GitActionsTests;
			sourceTree = "<group>";
		};
		FA8F60CB2CDE122F00803EF8 /* GitActionsUITests */ = {
			isa = PBXFileSystemSynchronizedRootGroup;
			path = GitActionsUITests;
			sourceTree = "<group>";
		};
/* End PBXFileSystemSynchronizedRootGroup section */

/* Begin PBXFrameworksBuildPhase section */
		FA8F60AB2CDE122D00803EF8 /* Frameworks */ = {
			isa = PBXFrameworksBuildPhase;
			buildActionMask = 2147483647;
			files = (
			);
			runOnlyForDeploymentPostprocessing = 0;
		};
		FA8F60BB2CDE122F00803EF8 /* Frameworks */ = {
			isa = PBXFrameworksBuildPhase;
			buildActionMask = 2147483647;
			files = (
			);
			runOnlyForDeploymentPostprocessing = 0;
		};
		FA8F60C52CDE122F00803EF8 /* Frameworks */ = {
			isa = PBXFrameworksBuildPhase;
			buildActionMask = 2147483647;
			files = (
			);
			runOnlyForDeploymentPostprocessing = 0;
		};
/* End PBXFrameworksBuildPhase section */

/* Begin PBXGroup section */
		FA8F60A52CDE122D00803EF8 = {
			isa = PBXGroup;
			children = (
				FA8F60B02CDE122D00803EF8 /* GitActions */,
				FA8F60C12CDE122F00803EF8 /* GitActionsTests */,
				FA8F60CB2CDE122F00803EF8 /* GitActionsUITests */,
				FA8F60AF2CDE122D00803EF8 /* Products */,
			);
			sourceTree = "<group>";
		};
		FA8F60AF2CDE122D00803EF8 /* Products */ = {
			isa = PBXGroup;
			children = (
				FA8F60AE2CDE122D00803EF8 /* GitActions.app */,
				FA8F60BE2CDE122F00803EF8 /* GitActionsTests.xctest */,
				FA8F60C82CDE122F00803EF8 /* GitActionsUITests.xctest */,
			);
			name = Products;
			sourceTree = "<group>";
		};
/* End PBXGroup section */

/* Begin PBXNativeTarget section */
		FA8F60AD2CDE122D00803EF8 /* GitActions */ = {
			isa = PBXNativeTarget;
			buildConfigurationList = FA8F60D22CDE122F00803EF8 /* Build configuration list for PBXNativeTarget "GitActions" */;
			buildPhases = (
				FA8F60AA2CDE122D00803EF8 /* Sources */,
				FA8F60AB2CDE122D00803EF8 /* Frameworks */,
				FA8F60AC2CDE122D00803EF8 /* Resources */,
			);
			buildRules = (
			);
			dependencies = (
			);
			fileSystemSynchronizedGroups = (
				FA8F60B02CDE122D00803EF8 /* GitActions */,
			);
			name = GitActions;
			packageProductDependencies = (
			);
			productName = GitActions;
			productReference = FA8F60AE2CDE122D00803EF8 /* GitActions.app */;
			productType = "com.apple.product-type.application";
		};
		FA8F60BD2CDE122F00803EF8 /* GitActionsTests */ = {
			isa = PBXNativeTarget;
			buildConfigurationList = FA8F60D52CDE122F00803EF8 /* Build configuration list for PBXNativeTarget "GitActionsTests" */;
			buildPhases = (
				FA8F60BA2CDE122F00803EF8 /* Sources */,
				FA8F60BB2CDE122F00803EF8 /* Frameworks */,
				FA8F60BC2CDE122F00803EF8 /* Resources */,
			);
			buildRules = (
			);
			dependencies = (
				FA8F60C02CDE122F00803EF8 /* PBXTargetDependency */,
			);
			fileSystemSynchronizedGroups = (
				FA8F60C12CDE122F00803EF8 /* GitActionsTests */,
			);
			name = GitActionsTests;
			packageProductDependencies = (
			);
			productName = GitActionsTests;
			productReference = FA8F60BE2CDE122F00803EF8 /* GitActionsTests.xctest */;
			productType = "com.apple.product-type.bundle.unit-test";
		};
		FA8F60C72CDE122F00803EF8 /* GitActionsUITests */ = {
			isa = PBXNativeTarget;
			buildConfigurationList = FA8F60D82CDE122F00803EF8 /* Build configuration list for PBXNativeTarget "GitActionsUITests" */;
			buildPhases = (
				FA8F60C42CDE122F00803EF8 /* Sources */,
				FA8F60C52CDE122F00803EF8 /* Frameworks */,
				FA8F60C62CDE122F00803EF8 /* Resources */,
			);
			buildRules = (
			);
			dependencies = (
				FA8F60CA2CDE122F00803EF8 /* PBXTargetDependency */,
			);
			fileSystemSynchronizedGroups = (
				FA8F60CB2CDE122F00803EF8 /* GitActionsUITests */,
			);
			name = GitActionsUITests;
			packageProductDependencies = (
			);
			productName = GitActionsUITests;
			productReference = FA8F60C82CDE122F00803EF8 /* GitActionsUITests.xctest */;
			productType = "com.apple.product-type.bundle.ui-testing";
		};
/* End PBXNativeTarget section */

/* Begin PBXProject section */
		FA8F60A62CDE122D00803EF8 /* Project object */ = {
			isa = PBXProject;
			attributes = {
				BuildIndependentTargetsInParallel = 1;
				LastSwiftUpdateCheck = 1610;
				LastUpgradeCheck = 1610;
				TargetAttributes = {
					FA8F60AD2CDE122D00803EF8 = {
						CreatedOnToolsVersion = 16.1;
					};
					FA8F60BD2CDE122F00803EF8 = {
						CreatedOnToolsVersion = 16.1;
						TestTargetID = FA8F60AD2CDE122D00803EF8;
					};
					FA8F60C72CDE122F00803EF8 = {
						CreatedOnToolsVersion = 16.1;
						TestTargetID = FA8F60AD2CDE122D00803EF8;
					};
				};
			};
			buildConfigurationList = FA8F60A92CDE122D00803EF8 /* Build configuration list for PBXProject "GitActions" */;
			developmentRegion = en;
			hasScannedForEncodings = 0;
			knownRegions = (
				en,
				Base,
			);
			mainGroup = FA8F60A52CDE122D00803EF8;
			minimizedProjectReferenceProxies = 1;
			preferredProjectObjectVersion = 77;
			productRefGroup = FA8F60AF2CDE122D00803EF8 /* Products */;
			projectDirPath = "";
			projectRoot = "";
			targets = (
				FA8F60AD2CDE122D00803EF8 /* GitActions */,
				FA8F60BD2CDE122F00803EF8 /* GitActionsTests */,
				FA8F60C72CDE122F00803EF8 /* GitActionsUITests */,
			);
		};
/* End PBXProject section */

/* Begin PBXResourcesBuildPhase section */
		FA8F60AC2CDE122D00803EF8 /* Resources */ = {
			isa = PBXResourcesBuildPhase;
			buildActionMask = 2147483647;
			files = (
			);
			runOnlyForDeploymentPostprocessing = 0;
		};
		FA8F60BC2CDE122F00803EF8 /* Resources */ = {
			isa = PBXResourcesBuildPhase;
			buildActionMask = 2147483647;
			files = (
			);
			runOnlyForDeploymentPostprocessing = 0;
		};
		FA8F60C62CDE122F00803EF8 /* Resources */ = {
			isa = PBXResourcesBuildPhase;
			buildActionMask = 2147483647;
			files = (
			);
			runOnlyForDeploymentPostprocessing = 0;
		};
/* End PBXResourcesBuildPhase section */

/* Begin PBXSourcesBuildPhase section */
		FA8F60AA2CDE122D00803EF8 /* Sources */ = {
			isa = PBXSourcesBuildPhase;
			buildActionMask = 2147483647;
			files = (
			);
			runOnlyForDeploymentPostprocessing = 0;
		};
		FA8F60BA2CDE122F00803EF8 /* Sources */ = {
			isa = PBXSourcesBuildPhase;
			buildActionMask = 2147483647;
			files = (
			);
			runOnlyForDeploymentPostprocessing = 0;
		};
		FA8F60C42CDE122F00803EF8 /* Sources */ = {
			isa = PBXSourcesBuildPhase;
			buildActionMask = 2147483647;
			files = (
			);
			runOnlyForDeploymentPostprocessing = 0;
		};
/* End PBXSourcesBuildPhase section */

/* Begin PBXTargetDependency section */
		FA8F60C02CDE122F00803EF8 /* PBXTargetDependency */ = {
			isa = PBXTargetDependency;
			target = FA8F60AD2CDE122D00803EF8 /* GitActions */;
			targetProxy = FA8F60BF2CDE122F00803EF8 /* PBXContainerItemProxy */;
		};
		FA8F60CA2CDE122F00803EF8 /* PBXTargetDependency */ = {
			isa = PBXTargetDependency;
			target = FA8F60AD2CDE122D00803EF8 /* GitActions */;
			targetProxy = FA8F60C92CDE122F00803EF8 /* PBXContainerItemProxy */;
		};
/* End PBXTargetDependency section */

/* Begin XCBuildConfiguration section */
		FA8F60D02CDE122F00803EF8 /* Debug */ = {
			isa = XCBuildConfiguration;
			buildSettings = {
				ALWAYS_SEARCH_USER_PATHS = NO;
				ASSETCATALOG_COMPILER_GENERATE_SWIFT_ASSET_SYMBOL_EXTENSIONS = YES;
				CLANG_ANALYZER_NONNULL = YES;
				CLANG_ANALYZER_NUMBER_OBJECT_CONVERSION = YES_AGGRESSIVE;
				CLANG_CXX_LANGUAGE_STANDARD = "gnu++20";
				CLANG_ENABLE_MODULES = YES;
				CLANG_ENABLE_OBJC_ARC = YES;
				CLANG_ENABLE_OBJC_WEAK = YES;
				CLANG_WARN_BLOCK_CAPTURE_AUTORELEASING = YES;
				CLANG_WARN_BOOL_CONVERSION = YES;
				CLANG_WARN_COMMA = YES;
				CLANG_WARN_CONSTANT_CONVERSION = YES;
				CLANG_WARN_DEPRECATED_OBJC_IMPLEMENTATIONS = YES;
				CLANG_WARN_DIRECT_OBJC_ISA_USAGE = YES_ERROR;
				CLANG_WARN_DOCUMENTATION_COMMENTS = YES;
				CLANG_WARN_EMPTY_BODY = YES;
				CLANG_WARN_ENUM_CONVERSION = YES;
				CLANG_WARN_INFINITE_RECURSION = YES;
				CLANG_WARN_INT_CONVERSION = YES;
				CLANG_WARN_NON_LITERAL_NULL_CONVERSION = YES;
				CLANG_WARN_OBJC_IMPLICIT_RETAIN_SELF = YES;
				CLANG_WARN_OBJC_LITERAL_CONVERSION = YES;
				CLANG_WARN_OBJC_ROOT_CLASS = YES_ERROR;
				CLANG_WARN_QUOTED_INCLUDE_IN_FRAMEWORK_HEADER = YES;
				CLANG_WARN_RANGE_LOOP_ANALYSIS = YES;
				CLANG_WARN_STRICT_PROTOTYPES = YES;
				CLANG_WARN_SUSPICIOUS_MOVE = YES;
				CLANG_WARN_UNGUARDED_AVAILABILITY = YES_AGGRESSIVE;
				CLANG_WARN_UNREACHABLE_CODE = YES;
				CLANG_WARN__DUPLICATE_METHOD_MATCH = YES;
				COPY_PHASE_STRIP = NO;
				DEBUG_INFORMATION_FORMAT = dwarf;
				ENABLE_STRICT_OBJC_MSGSEND = YES;
				ENABLE_TESTABILITY = YES;
				ENABLE_USER_SCRIPT_SANDBOXING = YES;
				GCC_C_LANGUAGE_STANDARD = gnu17;
				GCC_DYNAMIC_NO_PIC = NO;
				GCC_NO_COMMON_BLOCKS = YES;
				GCC_OPTIMIZATION_LEVEL = 0;
				GCC_PREPROCESSOR_DEFINITIONS = (
					"DEBUG=1",
					"$(inherited)",
				);
				GCC_WARN_64_TO_32_BIT_CONVERSION = YES;
				GCC_WARN_ABOUT_RETURN_TYPE = YES_ERROR;
				GCC_WARN_UNDECLARED_SELECTOR = YES;
				GCC_WARN_UNINITIALIZED_AUTOS = YES_AGGRESSIVE;
				GCC_WARN_UNUSED_FUNCTION = YES;
				GCC_WARN_UNUSED_VARIABLE = YES;
				IPHONEOS_DEPLOYMENT_TARGET = 18.1;
				LOCALIZATION_PREFERS_STRING_CATALOGS = YES;
				MTL_ENABLE_DEBUG_INFO = INCLUDE_SOURCE;
				MTL_FAST_MATH = YES;
				ONLY_ACTIVE_ARCH = YES;
				SDKROOT = iphoneos;
				SWIFT_ACTIVE_COMPILATION_CONDITIONS = "DEBUG $(inherited)";
				SWIFT_OPTIMIZATION_LEVEL = "-Onone";
			};
			name = Debug;
		};
		FA8F60D12CDE122F00803EF8 /* Release */ = {
			isa = XCBuildConfiguration;
			buildSettings = {
				ALWAYS_SEARCH_USER_PATHS = NO;
				ASSETCATALOG_COMPILER_GENERATE_SWIFT_ASSET_SYMBOL_EXTENSIONS = YES;
				CLANG_ANALYZER_NONNULL = YES;
				CLANG_ANALYZER_NUMBER_OBJECT_CONVERSION = YES_AGGRESSIVE;
				CLANG_CXX_LANGUAGE_STANDARD = "gnu++20";
				CLANG_ENABLE_MODULES = YES;
				CLANG_ENABLE_OBJC_ARC = YES;
				CLANG_ENABLE_OBJC_WEAK = YES;
				CLANG_WARN_BLOCK_CAPTURE_AUTORELEASING = YES;
				CLANG_WARN_BOOL_CONVERSION = YES;
				CLANG_WARN_COMMA = YES;
				CLANG_WARN_CONSTANT_CONVERSION = YES;
				CLANG_WARN_DEPRECATED_OBJC_IMPLEMENTATIONS = YES;
				CLANG_WARN_DIRECT_OBJC_ISA_USAGE = YES_ERROR;
				CLANG_WARN_DOCUMENTATION_COMMENTS = YES;
				CLANG_WARN_EMPTY_BODY = YES;
				CLANG_WARN_ENUM_CONVERSION = YES;
				CLANG_WARN_INFINITE_RECURSION = YES;
				CLANG_WARN_INT_CONVERSION = YES;
				CLANG_WARN_NON_LITERAL_NULL_CONVERSION = YES;
				CLANG_WARN_OBJC_IMPLICIT_RETAIN_SELF = YES;
				CLANG_WARN_OBJC_LITERAL_CONVERSION = YES;
				CLANG_WARN_OBJC_ROOT_CLASS = YES_ERROR;
				CLANG_WARN_QUOTED_INCLUDE_IN_FRAMEWORK_HEADER = YES;
				CLANG_WARN_RANGE_LOOP_ANALYSIS = YES;
				CLANG_WARN_STRICT_PROTOTYPES = YES;
				CLANG_WARN_SUSPICIOUS_MOVE = YES;
				CLANG_WARN_UNGUARDED_AVAILABILITY = YES_AGGRESSIVE;
				CLANG_WARN_UNREACHABLE_CODE = YES;
				CLANG_WARN__DUPLICATE_METHOD_MATCH = YES;
				COPY_PHASE_STRIP = NO;
				DEBUG_INFORMATION_FORMAT = "dwarf-with-dsym";
				ENABLE_NS_ASSERTIONS = NO;
				ENABLE_STRICT_OBJC_MSGSEND = YES;
				ENABLE_USER_SCRIPT_SANDBOXING = YES;
				GCC_C_LANGUAGE_STANDARD = gnu17;
				GCC_NO_COMMON_BLOCKS = YES;
				GCC_WARN_64_TO_32_BIT_CONVERSION = YES;
				GCC_WARN_ABOUT_RETURN_TYPE = YES_ERROR;
				GCC_WARN_UNDECLARED_SELECTOR = YES;
				GCC_WARN_UNINITIALIZED_AUTOS = YES_AGGRESSIVE;
				GCC_WARN_UNUSED_FUNCTION = YES;
				GCC_WARN_UNUSED_VARIABLE = YES;
				IPHONEOS_DEPLOYMENT_TARGET = 18.1;
				LOCALIZATION_PREFERS_STRING_CATALOGS = YES;
				MTL_ENABLE_DEBUG_INFO = NO;
				MTL_FAST_MATH = YES;
				SDKROOT = iphoneos;
				SWIFT_COMPILATION_MODE = wholemodule;
				VALIDATE_PRODUCT = YES;
			};
			name = Release;
		};
		FA8F60D32CDE122F00803EF8 /* Debug */ = {
			isa = XCBuildConfiguration;
			buildSettings = {
				ASSETCATALOG_COMPILER_APPICON_NAME = AppIcon;
				ASSETCATALOG_COMPILER_GLOBAL_ACCENT_COLOR_NAME = AccentColor;
				CODE_SIGN_STYLE = Automatic;
				CURRENT_PROJECT_VERSION = 1;
				DEVELOPMENT_ASSET_PATHS = "\"GitActions/Preview Content\"";
				DEVELOPMENT_TEAM = 57FHRQVBLR;
				ENABLE_PREVIEWS = YES;
				GENERATE_INFOPLIST_FILE = YES;
				INFOPLIST_KEY_UIApplicationSceneManifest_Generation = YES;
				INFOPLIST_KEY_UIApplicationSupportsIndirectInputEvents = YES;
				INFOPLIST_KEY_UILaunchScreen_Generation = YES;
				INFOPLIST_KEY_UISupportedInterfaceOrientations_iPad = "UIInterfaceOrientationPortrait UIInterfaceOrientationPortraitUpsideDown UIInterfaceOrientationLandscapeLeft UIInterfaceOrientationLandscapeRight";
				INFOPLIST_KEY_UISupportedInterfaceOrientations_iPhone = "UIInterfaceOrientationPortrait UIInterfaceOrientationLandscapeLeft UIInterfaceOrientationLandscapeRight";
				LD_RUNPATH_SEARCH_PATHS = (
					"$(inherited)",
					"@executable_path/Frameworks",
				);
				MARKETING_VERSION = 1.0;
				PRODUCT_BUNDLE_IDENTIFIER = luky.skrivos.course.app.GitActions;
				PRODUCT_NAME = "$(TARGET_NAME)";
				SWIFT_EMIT_LOC_STRINGS = YES;
				SWIFT_VERSION = 5.0;
				TARGETED_DEVICE_FAMILY = "1,2";
			};
			name = Debug;
		};
		FA8F60D42CDE122F00803EF8 /* Release */ = {
			isa = XCBuildConfiguration;
			buildSettings = {
				ASSETCATALOG_COMPILER_APPICON_NAME = AppIcon;
				ASSETCATALOG_COMPILER_GLOBAL_ACCENT_COLOR_NAME = AccentColor;
				CODE_SIGN_STYLE = Automatic;
				CURRENT_PROJECT_VERSION = 1;
				DEVELOPMENT_ASSET_PATHS = "\"GitActions/Preview Content\"";
				DEVELOPMENT_TEAM = 57FHRQVBLR;
				ENABLE_PREVIEWS = YES;
				GENERATE_INFOPLIST_FILE = YES;
				INFOPLIST_KEY_UIApplicationSceneManifest_Generation = YES;
				INFOPLIST_KEY_UIApplicationSupportsIndirectInputEvents = YES;
				INFOPLIST_KEY_UILaunchScreen_Generation = YES;
				INFOPLIST_KEY_UISupportedInterfaceOrientations_iPad = "UIInterfaceOrientationPortrait UIInterfaceOrientationPortraitUpsideDown UIInterfaceOrientationLandscapeLeft UIInterfaceOrientationLandscapeRight";
				INFOPLIST_KEY_UISupportedInterfaceOrientations_iPhone = "UIInterfaceOrientationPortrait UIInterfaceOrientationLandscapeLeft UIInterfaceOrientationLandscapeRight";
				LD_RUNPATH_SEARCH_PATHS = (
					"$(inherited)",
					"@executable_path/Frameworks",
				);
				MARKETING_VERSION = 1.0;
				PRODUCT_BUNDLE_IDENTIFIER = luky.skrivos.course.app.GitActions;
				PRODUCT_NAME = "$(TARGET_NAME)";
				SWIFT_EMIT_LOC_STRINGS = YES;
				SWIFT_VERSION = 5.0;
				TARGETED_DEVICE_FAMILY = "1,2";
			};
			name = Release;
		};
		FA8F60D62CDE122F00803EF8 /* Debug */ = {
			isa = XCBuildConfiguration;
			buildSettings = {
				BUNDLE_LOADER = "$(TEST_HOST)";
				CODE_SIGN_STYLE = Automatic;
				CURRENT_PROJECT_VERSION = 1;
				DEVELOPMENT_TEAM = 57FHRQVBLR;
				GENERATE_INFOPLIST_FILE = YES;
				IPHONEOS_DEPLOYMENT_TARGET = 18.1;
				MARKETING_VERSION = 1.0;
				PRODUCT_BUNDLE_IDENTIFIER = luky.skrivos.course.app.GitActionsTests;
				PRODUCT_NAME = "$(TARGET_NAME)";
				SWIFT_EMIT_LOC_STRINGS = NO;
				SWIFT_VERSION = 5.0;
				TARGETED_DEVICE_FAMILY = "1,2";
				TEST_HOST = "$(BUILT_PRODUCTS_DIR)/GitActions.app/$(BUNDLE_EXECUTABLE_FOLDER_PATH)/GitActions";
			};
			name = Debug;
		};
		FA8F60D72CDE122F00803EF8 /* Release */ = {
			isa = XCBuildConfiguration;
			buildSettings = {
				BUNDLE_LOADER = "$(TEST_HOST)";
				CODE_SIGN_STYLE = Automatic;
				CURRENT_PROJECT_VERSION = 1;
				DEVELOPMENT_TEAM = 57FHRQVBLR;
				GENERATE_INFOPLIST_FILE = YES;
				IPHONEOS_DEPLOYMENT_TARGET = 18.1;
				MARKETING_VERSION = 1.0;
				PRODUCT_BUNDLE_IDENTIFIER = luky.skrivos.course.app.GitActionsTests;
				PRODUCT_NAME = "$(TARGET_NAME)";
				SWIFT_EMIT_LOC_STRINGS = NO;
				SWIFT_VERSION = 5.0;
				TARGETED_DEVICE_FAMILY = "1,2";
				TEST_HOST = "$(BUILT_PRODUCTS_DIR)/GitActions.app/$(BUNDLE_EXECUTABLE_FOLDER_PATH)/GitActions";
			};
			name = Release;
		};
		FA8F60D92CDE122F00803EF8 /* Debug */ = {
			isa = XCBuildConfiguration;
			buildSettings = {
				CODE_SIGN_STYLE = Automatic;
				CURRENT_PROJECT_VERSION = 1;
				DEVELOPMENT_TEAM = 57FHRQVBLR;
				GENERATE_INFOPLIST_FILE = YES;
				MARKETING_VERSION = 1.0;
				PRODUCT_BUNDLE_IDENTIFIER = luky.skrivos.course.app.GitActionsUITests;
				PRODUCT_NAME = "$(TARGET_NAME)";
				SWIFT_EMIT_LOC_STRINGS = NO;
				SWIFT_VERSION = 5.0;
				TARGETED_DEVICE_FAMILY = "1,2";
				TEST_TARGET_NAME = GitActions;
			};
			name = Debug;
		};
		FA8F60DA2CDE122F00803EF8 /* Release */ = {
			isa = XCBuildConfiguration;
			buildSettings = {
				CODE_SIGN_STYLE = Automatic;
				CURRENT_PROJECT_VERSION = 1;
				DEVELOPMENT_TEAM = 57FHRQVBLR;
				GENERATE_INFOPLIST_FILE = YES;
				MARKETING_VERSION = 1.0;
				PRODUCT_BUNDLE_IDENTIFIER = luky.skrivos.course.app.GitActionsUITests;
				PRODUCT_NAME = "$(TARGET_NAME)";
				SWIFT_EMIT_LOC_STRINGS = NO;
				SWIFT_VERSION = 5.0;
				TARGETED_DEVICE_FAMILY = "1,2";
				TEST_TARGET_NAME = GitActions;
			};
			name = Release;
		};
/* End XCBuildConfiguration section */

/* Begin XCConfigurationList section */
		FA8F60A92CDE122D00803EF8 /* Build configuration list for PBXProject "GitActions" */ = {
			isa = XCConfigurationList;
			buildConfigurations = (
				FA8F60D02CDE122F00803EF8 /* Debug */,
				FA8F60D12CDE122F00803EF8 /* Release */,
			);
			defaultConfigurationIsVisible = 0;
			defaultConfigurationName = Release;
		};
		FA8F60D22CDE122F00803EF8 /* Build configuration list for PBXNativeTarget "GitActions" */ = {
			isa = XCConfigurationList;
			buildConfigurations = (
				FA8F60D32CDE122F00803EF8 /* Debug */,
				FA8F60D42CDE122F00803EF8 /* Release */,
			);
			defaultConfigurationIsVisible = 0;
			defaultConfigurationName = Release;
		};
		FA8F60D52CDE122F00803EF8 /* Build configuration list for PBXNativeTarget "GitActionsTests" */ = {
			isa = XCConfigurationList;
			buildConfigurations = (
				FA8F60D62CDE122F00803EF8 /* Debug */,
				FA8F60D72CDE122F00803EF8 /* Release */,
			);
			defaultConfigurationIsVisible = 0;
			defaultConfigurationName = Release;
		};
		FA8F60D82CDE122F00803EF8 /* Build configuration list for PBXNativeTarget "GitActionsUITests" */ = {
			isa = XCConfigurationList;
			buildConfigurations = (
				FA8F60D92CDE122F00803EF8 /* Debug */,
				FA8F60DA2CDE122F00803EF8 /* Release */,
			);
			defaultConfigurationIsVisible = 0;
			defaultConfigurationName = Release;
		};
/* End XCConfigurationList section */
	};
	rootObject = FA8F60A62CDE122D00803EF8 /* Project object */;
}
